{"1.2.0",
[{<<"cowboy">>,{pkg,<<"cowboy">>,<<"2.14.2">>},0},
 {<<"cowlib">>,{pkg,<<"cowlib">>,<<"2.16.0">>},1},
 {<<"erlfmt">>,{pkg,<<"erlfmt">>,<<"1.7.0">>},0},
 {<<"jiffy">>,{pkg,<<"jiffy">>,<<"1.1.2">>},0},
 {<<"ranch">>,{pkg,<<"ranch">>,<<"2.2.0">>},1}]}.
[
{pkg_hash,[
 {<<"cowboy">>, <<"4008BE1DF6ADE45E4F2A4E9E2D22B36D0B5ABA4E20B0A0D7049E28D124E34847">>},
 {<<"cowlib">>, <<"54592074EBBBB92EE4746C8A8846E5605052F29309D3A873468D76CDF932076F">>},
 {<<"erlfmt">>, <<"0251B2B31960299C18383F2672385CD8ACF6A911E488A628325C81ADC760FABD">>},
 {<<"jiffy">>, <<"A9B6C9A7EC268E7CF493D028F0A4C9144F59CCB878B1AFE42841597800840A1B">>},
 {<<"ranch">>, <<"25528F82BC8D7C6152C57666CA99EC716510FE0925CB188172F41CE93117B1B0">>}]},
{pkg_hash_ext,[
 {<<"cowboy">>, <<"569081DA046E7B41B5DF36AA359BE71A0C8874E5B9CFF6F747073FC57BAF1AB9">>},
 {<<"cowlib">>, <<"7F478D80D66B747344F0EA7708C187645CFCC08B11AA424632F78E25BF05DB51">>},
 {<<"erlfmt">>, <<"FB987DA6F5DA9E26F218CAB8C2A1711C758FDE087B42E873AFF4885701858C1F">>},
 {<<"jiffy">>, <<"BB61BC42A720BBD33CB09A410E48BB79A61012C74CB8B3E75F26D988485CF381">>},
 {<<"ranch">>, <<"FA0B99A1780C80218A4197A59EA8D3BDAE32FBFF7E88527D7D8A4787EFF4F8E7">>}]}
].
